
Microsoft Visual Studio Solution File, Format Version 12.00
# Visual Studio Version 16
VisualStudioVersion = 16.0.31105.61
MinimumVisualStudioVersion = 10.0.40219.1
Project("{FAE04EC0-301F-11D3-BF4B-00C04F79EFBC}") = "NetCoreCompiler", "NetCoreCompiler\NetCoreCompiler.csproj", "{657FC7D5-6263-44C9-9F1F-B2B4F387D11D}"
EndProject
Global
	GlobalSection(SolutionConfigurationPlatforms) = preSolution
		Debug|Any CPU = Debug|Any CPU
		Release|Any CPU = Release|Any CPU
	EndGlobalSection
	GlobalSection(ProjectConfigurationPlatforms) = postSolution
		{657FC7D5-6263-44C9-9F1F-B2B4F387D11D}.Debug|Any CPU.ActiveCfg = Debug|Any CPU
		{657FC7D5-6263-44C9-9F1F-B2B4F387D11D}.Debug|Any CPU.Build.0 = Debug|Any CPU
		{657FC7D5-6263-44C9-9F1F-B2B4F387D11D}.Release|Any CPU.ActiveCfg = Release|Any CPU
		{657FC7D5-6263-44C9-9F1F-B2B4F387D11D}.Release|Any CPU.Build.0 = Release|Any CPU
	EndGlobalSection
	GlobalSection(SolutionProperties) = preSolution
		HideSolutionNode = FALSE
	EndGlobalSection
	GlobalSection(ExtensibilityGlobals) = postSolution
		SolutionGuid = {FB5DAA7D-C4F3-4725-B38B-CACCF2BAC49A}
	EndGlobalSection
EndGlobal
